
Microsoft Visual Studio Solution File, Format Version 12.00
# Visual Studio Version 16
VisualStudioVersion = 16.0.29905.134
MinimumVisualStudioVersion = 10.0.40219.1
Project("{FAE04EC0-301F-11D3-BF4B-00C04F79EFBC}") = "Demo.TestPatterns.Tests", "Demo.TestPatterns.Tests\Demo.TestPatterns.Tests.csproj", "{FE2B0051-7CA8-4E5C-B684-6F3745A28402}"
EndProject
Global
	GlobalSection(SolutionConfigurationPlatforms) = preSolution
		Debug|Any CPU = Debug|Any CPU
		Release|Any CPU = Release|Any CPU
	EndGlobalSection
	GlobalSection(ProjectConfigurationPlatforms) = postSolution
		{FE2B0051-7CA8-4E5C-B684-6F3745A28402}.Debug|Any CPU.ActiveCfg = Debug|Any CPU
		{FE2B0051-7CA8-4E5C-B684-6F3745A28402}.Debug|Any CPU.Build.0 = Debug|Any CPU
		{FE2B0051-7CA8-4E5C-B684-6F3745A28402}.Release|Any CPU.ActiveCfg = Release|Any CPU
		{FE2B0051-7CA8-4E5C-B684-6F3745A28402}.Release|Any CPU.Build.0 = Release|Any CPU
	EndGlobalSection
	GlobalSection(SolutionProperties) = preSolution
		HideSolutionNode = FALSE
	EndGlobalSection
	GlobalSection(ExtensibilityGlobals) = postSolution
		SolutionGuid = {B5409BFD-D012-4FC2-A372-1324FB3EC658}
	EndGlobalSection
EndGlobal
